
Microsoft Visual Studio Solution File, Format Version 12.00
# Visual Studio Version 17
VisualStudioVersion = 17.11.35201.85
MinimumVisualStudioVersion = 10.0.40219.1
Project("{9A19103F-16F7-4668-BE54-9A1E7A4F7556}") = "Northwind.EntityModels", "Northwind.EntityModels\Northwind.EntityModels.csproj", "{D73E9647-4C07-475B-9978-EFA5B6F8D674}"
EndProject
Project("{9A19103F-16F7-4668-BE54-9A1E7A4F7556}") = "Northwind.DataContext", "Northwind.DataContext\Northwind.DataContext.csproj", "{EF04E7D8-08C4-4EDA-A33F-96F8AADA750A}"
EndProject
Project("{9A19103F-16F7-4668-BE54-9A1E7A4F7556}") = "Northwind.UnitTests", "Northwind.UnitTests\Northwind.UnitTests.csproj", "{DE9A7013-0068-49C6-A1FC-E536180A7E08}"
EndProject
Project("{FAE04EC0-301F-11D3-BF4B-00C04F79EFBC}") = "Northwind.Mvc", "Northwind.Mvc\Northwind.Mvc.csproj", "{AAB2AB60-90C0-4188-BB8C-BF4AC0942495}"
EndProject
Project("{FAE04EC0-301F-11D3-BF4B-00C04F79EFBC}") = "Northwind.Repositories", "Northwind.Repositories\Northwind.Repositories.csproj", "{81517D16-E931-4F7E-9C6C-7EF49AF8ABB0}"
EndProject
Project("{FAE04EC0-301F-11D3-BF4B-00C04F79EFBC}") = "Northwind.WebUITests", "Northwind.WebUITests\Northwind.WebUITests.csproj", "{0E1CC14F-4E5F-4CA9-9FF4-4C46DE2EBBC3}"
EndProject
Global
	GlobalSection(SolutionConfigurationPlatforms) = preSolution
		Debug|Any CPU = Debug|Any CPU
		Release|Any CPU = Release|Any CPU
	EndGlobalSection
	GlobalSection(ProjectConfigurationPlatforms) = postSolution
		{D73E9647-4C07-475B-9978-EFA5B6F8D674}.Debug|Any CPU.ActiveCfg = Debug|Any CPU
		{D73E9647-4C07-475B-9978-EFA5B6F8D674}.Debug|Any CPU.Build.0 = Debug|Any CPU
		{D73E9647-4C07-475B-9978-EFA5B6F8D674}.Release|Any CPU.ActiveCfg = Release|Any CPU
		{D73E9647-4C07-475B-9978-EFA5B6F8D674}.Release|Any CPU.Build.0 = Release|Any CPU
		{EF04E7D8-08C4-4EDA-A33F-96F8AADA750A}.Debug|Any CPU.ActiveCfg = Debug|Any CPU
		{EF04E7D8-08C4-4EDA-A33F-96F8AADA750A}.Debug|Any CPU.Build.0 = Debug|Any CPU
		{EF04E7D8-08C4-4EDA-A33F-96F8AADA750A}.Release|Any CPU.ActiveCfg = Release|Any CPU
		{EF04E7D8-08C4-4EDA-A33F-96F8AADA750A}.Release|Any CPU.Build.0 = Release|Any CPU
		{DE9A7013-0068-49C6-A1FC-E536180A7E08}.Debug|Any CPU.ActiveCfg = Debug|Any CPU
		{DE9A7013-0068-49C6-A1FC-E536180A7E08}.Debug|Any CPU.Build.0 = Debug|Any CPU
		{DE9A7013-0068-49C6-A1FC-E536180A7E08}.Release|Any CPU.ActiveCfg = Release|Any CPU
		{DE9A7013-0068-49C6-A1FC-E536180A7E08}.Release|Any CPU.Build.0 = Release|Any CPU
		{AAB2AB60-90C0-4188-BB8C-BF4AC0942495}.Debug|Any CPU.ActiveCfg = Debug|Any CPU
		{AAB2AB60-90C0-4188-BB8C-BF4AC0942495}.Debug|Any CPU.Build.0 = Debug|Any CPU
		{AAB2AB60-90C0-4188-BB8C-BF4AC0942495}.Release|Any CPU.ActiveCfg = Release|Any CPU
		{AAB2AB60-90C0-4188-BB8C-BF4AC0942495}.Release|Any CPU.Build.0 = Release|Any CPU
		{81517D16-E931-4F7E-9C6C-7EF49AF8ABB0}.Debug|Any CPU.ActiveCfg = Debug|Any CPU
		{81517D16-E931-4F7E-9C6C-7EF49AF8ABB0}.Debug|Any CPU.Build.0 = Debug|Any CPU
		{81517D16-E931-4F7E-9C6C-7EF49AF8ABB0}.Release|Any CPU.ActiveCfg = Release|Any CPU
		{81517D16-E931-4F7E-9C6C-7EF49AF8ABB0}.Release|Any CPU.Build.0 = Release|Any CPU
		{0E1CC14F-4E5F-4CA9-9FF4-4C46DE2EBBC3}.Debug|Any CPU.ActiveCfg = Debug|Any CPU
		{0E1CC14F-4E5F-4CA9-9FF4-4C46DE2EBBC3}.Debug|Any CPU.Build.0 = Debug|Any CPU
		{0E1CC14F-4E5F-4CA9-9FF4-4C46DE2EBBC3}.Release|Any CPU.ActiveCfg = Release|Any CPU
		{0E1CC14F-4E5F-4CA9-9FF4-4C46DE2EBBC3}.Release|Any CPU.Build.0 = Release|Any CPU
	EndGlobalSection
	GlobalSection(SolutionProperties) = preSolution
		HideSolutionNode = FALSE
	EndGlobalSection
	GlobalSection(ExtensibilityGlobals) = postSolution
		SolutionGuid = {20D042F8-4D56-4EA3-83FF-524037C26318}
	EndGlobalSection
EndGlobal
